// !$*UTF8*$!
{
	archiveVersion = 1;
	classes = {
	};
	objectVersion = 56;
	objects = {

/* Begin PBXBuildFile section */
		FB05658F2C1848710026DF3A /* MainApp.swift in Sources */ = {isa = PBXBuildFile; fileRef = FB05658E2C1848710026DF3A /* MainApp.swift */; };
		FB0565912C1848710026DF3A /* ContentView.swift in Sources */ = {isa = PBXBuildFile; fileRef = FB0565902C1848710026DF3A /* ContentView.swift */; };
		FB0565932C1848730026DF3A /* Assets.xcassets in Resources */ = {isa = PBXBuildFile; fileRef = FB0565922C1848730026DF3A /* Assets.xcassets */; };
		FB0565962C1848730026DF3A /* Preview Assets.xcassets in Resources */ = {isa = PBXBuildFile; fileRef = FB0565952C1848730026DF3A /* Preview Assets.xcassets */; };
		FB0565A02C184B590026DF3A /* EditDeckView.swift in Sources */ = {isa = PBXBuildFile; fileRef = FB05659F2C184B590026DF3A /* EditDeckView.swift */; };
		FB0565A42C184B6F0026DF3A /* EditCardView.swift in Sources */ = {isa = PBXBuildFile; fileRef = FB0565A32C184B6F0026DF3A /* EditCardView.swift */; };
		FB0565A72C184BAE0026DF3A /* HomeView.swift in Sources */ = {isa = PBXBuildFile; fileRef = FB0565A62C184BAE0026DF3A /* HomeView.swift */; };
		FB0565AA2C184BCA0026DF3A /* PlayingView.swift in Sources */ = {isa = PBXBuildFile; fileRef = FB0565A92C184BCA0026DF3A /* PlayingView.swift */; };
		FB0565AD2C185FCE0026DF3A /* Router.swift in Sources */ = {isa = PBXBuildFile; fileRef = FB0565AC2C185FCE0026DF3A /* Router.swift */; };
		FB0565B52C1982DC0026DF3A /* MultiSelector.swift in Sources */ = {isa = PBXBuildFile; fileRef = FB0565B42C1982DC0026DF3A /* MultiSelector.swift */; };
		FBD01B692C19C4A400C57D89 /* FlipCard.swift in Sources */ = {isa = PBXBuildFile; fileRef = FBD01B682C19C4A400C57D89 /* FlipCard.swift */; };
		FBD01B6B2C1BF45300C57D89 /* CardView.swift in Sources */ = {isa = PBXBuildFile; fileRef = FBD01B6A2C1BF45300C57D89 /* CardView.swift */; };
		FBD01B6D2C1BF88100C57D89 /* SwipeCard.swift in Sources */ = {isa = PBXBuildFile; fileRef = FBD01B6C2C1BF88100C57D89 /* SwipeCard.swift */; };
/* End PBXBuildFile section */

/* Begin PBXFileReference section */
		FB05658B2C1848710026DF3A /* flash-card-ios.app */ = {isa = PBXFileReference; explicitFileType = wrapper.application; includeInIndex = 0; path = "flash-card-ios.app"; sourceTree = BUILT_PRODUCTS_DIR; };
		FB05658E2C1848710026DF3A /* MainApp.swift */ = {isa = PBXFileReference; lastKnownFileType = sourcecode.swift; path = MainApp.swift; sourceTree = "<group>"; };
		FB0565902C1848710026DF3A /* ContentView.swift */ = {isa = PBXFileReference; lastKnownFileType = sourcecode.swift; path = ContentView.swift; sourceTree = "<group>"; };
		FB0565922C1848730026DF3A /* Assets.xcassets */ = {isa = PBXFileReference; lastKnownFileType = folder.assetcatalog; path = Assets.xcassets; sourceTree = "<group>"; };
		FB0565952C1848730026DF3A /* Preview Assets.xcassets */ = {isa = PBXFileReference; lastKnownFileType = folder.assetcatalog; path = "Preview Assets.xcassets"; sourceTree = "<group>"; };
		FB05659F2C184B590026DF3A /* EditDeckView.swift */ = {isa = PBXFileReference; lastKnownFileType = sourcecode.swift; path = EditDeckView.swift; sourceTree = "<group>"; };
		FB0565A32C184B6F0026DF3A /* EditCardView.swift */ = {isa = PBXFileReference; lastKnownFileType = sourcecode.swift; path = EditCardView.swift; sourceTree = "<group>"; };
		FB0565A62C184BAE0026DF3A /* HomeView.swift */ = {isa = PBXFileReference; lastKnownFileType = sourcecode.swift; path = HomeView.swift; sourceTree = "<group>"; };
		FB0565A92C184BCA0026DF3A /* PlayingView.swift */ = {isa = PBXFileReference; lastKnownFileType = sourcecode.swift; path = PlayingView.swift; sourceTree = "<group>"; };
		FB0565AC2C185FCE0026DF3A /* Router.swift */ = {isa = PBXFileReference; lastKnownFileType = sourcecode.swift; path = Router.swift; sourceTree = "<group>"; };
		FB0565B42C1982DC0026DF3A /* MultiSelector.swift */ = {isa = PBXFileReference; lastKnownFileType = sourcecode.swift; path = MultiSelector.swift; sourceTree = "<group>"; };
		FBD01B682C19C4A400C57D89 /* FlipCard.swift */ = {isa = PBXFileReference; lastKnownFileType = sourcecode.swift; path = FlipCard.swift; sourceTree = "<group>"; };
		FBD01B6A2C1BF45300C57D89 /* CardView.swift */ = {isa = PBXFileReference; lastKnownFileType = sourcecode.swift; path = CardView.swift; sourceTree = "<group>"; };
		FBD01B6C2C1BF88100C57D89 /* SwipeCard.swift */ = {isa = PBXFileReference; lastKnownFileType = sourcecode.swift; path = SwipeCard.swift; sourceTree = "<group>"; };
/* End PBXFileReference section */

/* Begin PBXFrameworksBuildPhase section */
		FB0565882C1848710026DF3A /* Frameworks */ = {
			isa = PBXFrameworksBuildPhase;
			buildActionMask = 2147483647;
			files = (
			);
			runOnlyForDeploymentPostprocessing = 0;
		};
/* End PBXFrameworksBuildPhase section */

/* Begin PBXGroup section */
		FB0565822C1848710026DF3A = {
			isa = PBXGroup;
			children = (
				FB05658D2C1848710026DF3A /* flash-card-ios */,
				FB05658C2C1848710026DF3A /* Products */,
			);
			sourceTree = "<group>";
		};
		FB05658C2C1848710026DF3A /* Products */ = {
			isa = PBXGroup;
			children = (
				FB05658B2C1848710026DF3A /* flash-card-ios.app */,
			);
			name = Products;
			sourceTree = "<group>";
		};
		FB05658D2C1848710026DF3A /* flash-card-ios */ = {
			isa = PBXGroup;
			children = (
				FB0565AB2C185FC30026DF3A /* Utils */,
				FB05659C2C1849140026DF3A /* App */,
				FB05659E2C1849530026DF3A /* Features */,
				FB05659D2C18491E0026DF3A /* Resources */,
			);
			path = "flash-card-ios";
			sourceTree = "<group>";
		};
		FB0565942C1848730026DF3A /* Preview Content */ = {
			isa = PBXGroup;
			children = (
				FB0565952C1848730026DF3A /* Preview Assets.xcassets */,
			);
			path = "Preview Content";
			sourceTree = "<group>";
		};
		FB05659C2C1849140026DF3A /* App */ = {
			isa = PBXGroup;
			children = (
				FB05658E2C1848710026DF3A /* MainApp.swift */,
			);
			path = App;
			sourceTree = "<group>";
		};
		FB05659D2C18491E0026DF3A /* Resources */ = {
			isa = PBXGroup;
			children = (
				FB0565922C1848730026DF3A /* Assets.xcassets */,
				FB0565942C1848730026DF3A /* Preview Content */,
			);
			path = Resources;
			sourceTree = "<group>";
		};
		FB05659E2C1849530026DF3A /* Features */ = {
			isa = PBXGroup;
			children = (
				FB0565A82C184BB30026DF3A /* Play */,
				FB0565A52C184B960026DF3A /* Home */,
				FB0565A22C184B610026DF3A /* Deck */,
				FB0565A12C184B5D0026DF3A /* Card */,
				FB0565902C1848710026DF3A /* ContentView.swift */,
			);
			path = Features;
			sourceTree = "<group>";
		};
		FB0565A12C184B5D0026DF3A /* Card */ = {
			isa = PBXGroup;
			children = (
				FB0565A32C184B6F0026DF3A /* EditCardView.swift */,
			);
			path = Card;
			sourceTree = "<group>";
		};
		FB0565A22C184B610026DF3A /* Deck */ = {
			isa = PBXGroup;
			children = (
				FB05659F2C184B590026DF3A /* EditDeckView.swift */,
			);
			path = Deck;
			sourceTree = "<group>";
		};
		FB0565A52C184B960026DF3A /* Home */ = {
			isa = PBXGroup;
			children = (
				FB0565A62C184BAE0026DF3A /* HomeView.swift */,
			);
			path = Home;
			sourceTree = "<group>";
		};
		FB0565A82C184BB30026DF3A /* Play */ = {
			isa = PBXGroup;
			children = (
				FBD01B672C19C49500C57D89 /* Card */,
				FB0565A92C184BCA0026DF3A /* PlayingView.swift */,
			);
			path = Play;
			sourceTree = "<group>";
		};
		FB0565AB2C185FC30026DF3A /* Utils */ = {
			isa = PBXGroup;
			children = (
				FB0565B32C1982C80026DF3A /* Components */,
				FB0565AC2C185FCE0026DF3A /* Router.swift */,
			);
			path = Utils;
			sourceTree = "<group>";
		};
		FB0565B32C1982C80026DF3A /* Components */ = {
			isa = PBXGroup;
			children = (
				FB0565B42C1982DC0026DF3A /* MultiSelector.swift */,
			);
			path = Components;
			sourceTree = "<group>";
		};
		FBD01B672C19C49500C57D89 /* Card */ = {
			isa = PBXGroup;
			children = (
				FBD01B682C19C4A400C57D89 /* FlipCard.swift */,
				FBD01B6A2C1BF45300C57D89 /* CardView.swift */,
				FBD01B6C2C1BF88100C57D89 /* SwipeCard.swift */,
			);
			path = Card;
			sourceTree = "<group>";
		};
/* End PBXGroup section */

/* Begin PBXNativeTarget section */
		FB05658A2C1848710026DF3A /* flash-card-ios */ = {
			isa = PBXNativeTarget;
			buildConfigurationList = FB0565992C1848730026DF3A /* Build configuration list for PBXNativeTarget "flash-card-ios" */;
			buildPhases = (
				FB0565872C1848710026DF3A /* Sources */,
				FB0565882C1848710026DF3A /* Frameworks */,
				FB0565892C1848710026DF3A /* Resources */,
			);
			buildRules = (
			);
			dependencies = (
			);
			name = "flash-card-ios";
			productName = "flash-card-ios";
			productReference = FB05658B2C1848710026DF3A /* flash-card-ios.app */;
			productType = "com.apple.product-type.application";
		};
/* End PBXNativeTarget section */

/* Begin PBXProject section */
		FB0565832C1848710026DF3A /* Project object */ = {
			isa = PBXProject;
			attributes = {
				BuildIndependentTargetsInParallel = 1;
				LastSwiftUpdateCheck = 1540;
				LastUpgradeCheck = 1540;
				TargetAttributes = {
					FB05658A2C1848710026DF3A = {
						CreatedOnToolsVersion = 15.4;
					};
				};
			};
			buildConfigurationList = FB0565862C1848710026DF3A /* Build configuration list for PBXProject "flash-card-ios" */;
			compatibilityVersion = "Xcode 14.0";
			developmentRegion = en;
			hasScannedForEncodings = 0;
			knownRegions = (
				en,
				Base,
			);
			mainGroup = FB0565822C1848710026DF3A;
			productRefGroup = FB05658C2C1848710026DF3A /* Products */;
			projectDirPath = "";
			projectRoot = "";
			targets = (
				FB05658A2C1848710026DF3A /* flash-card-ios */,
			);
		};
/* End PBXProject section */

/* Begin PBXResourcesBuildPhase section */
		FB0565892C1848710026DF3A /* Resources */ = {
			isa = PBXResourcesBuildPhase;
			buildActionMask = 2147483647;
			files = (
				FB0565962C1848730026DF3A /* Preview Assets.xcassets in Resources */,
				FB0565932C1848730026DF3A /* Assets.xcassets in Resources */,
			);
			runOnlyForDeploymentPostprocessing = 0;
		};
/* End PBXResourcesBuildPhase section */

/* Begin PBXSourcesBuildPhase section */
		FB0565872C1848710026DF3A /* Sources */ = {
			isa = PBXSourcesBuildPhase;
			buildActionMask = 2147483647;
			files = (
				FB0565A42C184B6F0026DF3A /* EditCardView.swift in Sources */,
				FB0565912C1848710026DF3A /* ContentView.swift in Sources */,
				FBD01B692C19C4A400C57D89 /* FlipCard.swift in Sources */,
				FBD01B6D2C1BF88100C57D89 /* SwipeCard.swift in Sources */,
				FB05658F2C1848710026DF3A /* MainApp.swift in Sources */,
				FBD01B6B2C1BF45300C57D89 /* CardView.swift in Sources */,
				FB0565AD2C185FCE0026DF3A /* Router.swift in Sources */,
				FB0565AA2C184BCA0026DF3A /* PlayingView.swift in Sources */,
				FB0565B52C1982DC0026DF3A /* MultiSelector.swift in Sources */,
				FB0565A72C184BAE0026DF3A /* HomeView.swift in Sources */,
				FB0565A02C184B590026DF3A /* EditDeckView.swift in Sources */,
			);
			runOnlyForDeploymentPostprocessing = 0;
		};
/* End PBXSourcesBuildPhase section */

/* Begin XCBuildConfiguration section */
		FB0565972C1848730026DF3A /* Debug */ = {
			isa = XCBuildConfiguration;
			buildSettings = {
				ALWAYS_SEARCH_USER_PATHS = NO;
				ASSETCATALOG_COMPILER_GENERATE_SWIFT_ASSET_SYMBOL_EXTENSIONS = YES;
				CLANG_ANALYZER_NONNULL = YES;
				CLANG_ANALYZER_NUMBER_OBJECT_CONVERSION = YES_AGGRESSIVE;
				CLANG_CXX_LANGUAGE_STANDARD = "gnu++20";
				CLANG_ENABLE_MODULES = YES;
				CLANG_ENABLE_OBJC_ARC = YES;
				CLANG_ENABLE_OBJC_WEAK = YES;
				CLANG_WARN_BLOCK_CAPTURE_AUTORELEASING = YES;
				CLANG_WARN_BOOL_CONVERSION = YES;
				CLANG_WARN_COMMA = YES;
				CLANG_WARN_CONSTANT_CONVERSION = YES;
				CLANG_WARN_DEPRECATED_OBJC_IMPLEMENTATIONS = YES;
				CLANG_WARN_DIRECT_OBJC_ISA_USAGE = YES_ERROR;
				CLANG_WARN_DOCUMENTATION_COMMENTS = YES;
				CLANG_WARN_EMPTY_BODY = YES;
				CLANG_WARN_ENUM_CONVERSION = YES;
				CLANG_WARN_INFINITE_RECURSION = YES;
				CLANG_WARN_INT_CONVERSION = YES;
				CLANG_WARN_NON_LITERAL_NULL_CONVERSION = YES;
				CLANG_WARN_OBJC_IMPLICIT_RETAIN_SELF = YES;
				CLANG_WARN_OBJC_LITERAL_CONVERSION = YES;
				CLANG_WARN_OBJC_ROOT_CLASS = YES_ERROR;
				CLANG_WARN_QUOTED_INCLUDE_IN_FRAMEWORK_HEADER = YES;
				CLANG_WARN_RANGE_LOOP_ANALYSIS = YES;
				CLANG_WARN_STRICT_PROTOTYPES = YES;
				CLANG_WARN_SUSPICIOUS_MOVE = YES;
				CLANG_WARN_UNGUARDED_AVAILABILITY = YES_AGGRESSIVE;
				CLANG_WARN_UNREACHABLE_CODE = YES;
				CLANG_WARN__DUPLICATE_METHOD_MATCH = YES;
				COPY_PHASE_STRIP = NO;
				DEBUG_INFORMATION_FORMAT = dwarf;
				ENABLE_STRICT_OBJC_MSGSEND = YES;
				ENABLE_TESTABILITY = YES;
				ENABLE_USER_SCRIPT_SANDBOXING = YES;
				GCC_C_LANGUAGE_STANDARD = gnu17;
				GCC_DYNAMIC_NO_PIC = NO;
				GCC_NO_COMMON_BLOCKS = YES;
				GCC_OPTIMIZATION_LEVEL = 0;
				GCC_PREPROCESSOR_DEFINITIONS = (
					"DEBUG=1",
					"$(inherited)",
				);
				GCC_WARN_64_TO_32_BIT_CONVERSION = YES;
				GCC_WARN_ABOUT_RETURN_TYPE = YES_ERROR;
				GCC_WARN_UNDECLARED_SELECTOR = YES;
				GCC_WARN_UNINITIALIZED_AUTOS = YES_AGGRESSIVE;
				GCC_WARN_UNUSED_FUNCTION = YES;
				GCC_WARN_UNUSED_VARIABLE = YES;
				IPHONEOS_DEPLOYMENT_TARGET = 17.5;
				LOCALIZATION_PREFERS_STRING_CATALOGS = YES;
				MTL_ENABLE_DEBUG_INFO = INCLUDE_SOURCE;
				MTL_FAST_MATH = YES;
				ONLY_ACTIVE_ARCH = YES;
				SDKROOT = iphoneos;
				SWIFT_ACTIVE_COMPILATION_CONDITIONS = "DEBUG $(inherited)";
				SWIFT_OPTIMIZATION_LEVEL = "-Onone";
			};
			name = Debug;
		};
		FB0565982C1848730026DF3A /* Release */ = {
			isa = XCBuildConfiguration;
			buildSettings = {
				ALWAYS_SEARCH_USER_PATHS = NO;
				ASSETCATALOG_COMPILER_GENERATE_SWIFT_ASSET_SYMBOL_EXTENSIONS = YES;
				CLANG_ANALYZER_NONNULL = YES;
				CLANG_ANALYZER_NUMBER_OBJECT_CONVERSION = YES_AGGRESSIVE;
				CLANG_CXX_LANGUAGE_STANDARD = "gnu++20";
				CLANG_ENABLE_MODULES = YES;
				CLANG_ENABLE_OBJC_ARC = YES;
				CLANG_ENABLE_OBJC_WEAK = YES;
				CLANG_WARN_BLOCK_CAPTURE_AUTORELEASING = YES;
				CLANG_WARN_BOOL_CONVERSION = YES;
				CLANG_WARN_COMMA = YES;
				CLANG_WARN_CONSTANT_CONVERSION = YES;
				CLANG_WARN_DEPRECATED_OBJC_IMPLEMENTATIONS = YES;
				CLANG_WARN_DIRECT_OBJC_ISA_USAGE = YES_ERROR;
				CLANG_WARN_DOCUMENTATION_COMMENTS = YES;
				CLANG_WARN_EMPTY_BODY = YES;
				CLANG_WARN_ENUM_CONVERSION = YES;
				CLANG_WARN_INFINITE_RECURSION = YES;
				CLANG_WARN_INT_CONVERSION = YES;
				CLANG_WARN_NON_LITERAL_NULL_CONVERSION = YES;
				CLANG_WARN_OBJC_IMPLICIT_RETAIN_SELF = YES;
				CLANG_WARN_OBJC_LITERAL_CONVERSION = YES;
				CLANG_WARN_OBJC_ROOT_CLASS = YES_ERROR;
				CLANG_WARN_QUOTED_INCLUDE_IN_FRAMEWORK_HEADER = YES;
				CLANG_WARN_RANGE_LOOP_ANALYSIS = YES;
				CLANG_WARN_STRICT_PROTOTYPES = YES;
				CLANG_WARN_SUSPICIOUS_MOVE = YES;
				CLANG_WARN_UNGUARDED_AVAILABILITY = YES_AGGRESSIVE;
				CLANG_WARN_UNREACHABLE_CODE = YES;
				CLANG_WARN__DUPLICATE_METHOD_MATCH = YES;
				COPY_PHASE_STRIP = NO;
				DEBUG_INFORMATION_FORMAT = "dwarf-with-dsym";
				ENABLE_NS_ASSERTIONS = NO;
				ENABLE_STRICT_OBJC_MSGSEND = YES;
				ENABLE_USER_SCRIPT_SANDBOXING = YES;
				GCC_C_LANGUAGE_STANDARD = gnu17;
				GCC_NO_COMMON_BLOCKS = YES;
				GCC_WARN_64_TO_32_BIT_CONVERSION = YES;
				GCC_WARN_ABOUT_RETURN_TYPE = YES_ERROR;
				GCC_WARN_UNDECLARED_SELECTOR = YES;
				GCC_WARN_UNINITIALIZED_AUTOS = YES_AGGRESSIVE;
				GCC_WARN_UNUSED_FUNCTION = YES;
				GCC_WARN_UNUSED_VARIABLE = YES;
				IPHONEOS_DEPLOYMENT_TARGET = 17.5;
				LOCALIZATION_PREFERS_STRING_CATALOGS = YES;
				MTL_ENABLE_DEBUG_INFO = NO;
				MTL_FAST_MATH = YES;
				SDKROOT = iphoneos;
				SWIFT_COMPILATION_MODE = wholemodule;
				VALIDATE_PRODUCT = YES;
			};
			name = Release;
		};
		FB05659A2C1848730026DF3A /* Debug */ = {
			isa = XCBuildConfiguration;
			buildSettings = {
				ASSETCATALOG_COMPILER_APPICON_NAME = AppIcon;
				ASSETCATALOG_COMPILER_GLOBAL_ACCENT_COLOR_NAME = AccentColor;
				CODE_SIGN_STYLE = Automatic;
				CURRENT_PROJECT_VERSION = 1;
				DEVELOPMENT_ASSET_PATHS = "\"flash-card-ios/Resources/Preview Content\"";
				DEVELOPMENT_TEAM = Z824M97CF2;
				ENABLE_PREVIEWS = YES;
				GENERATE_INFOPLIST_FILE = YES;
				INFOPLIST_KEY_UIApplicationSceneManifest_Generation = YES;
				INFOPLIST_KEY_UIApplicationSupportsIndirectInputEvents = YES;
				INFOPLIST_KEY_UILaunchScreen_Generation = YES;
				INFOPLIST_KEY_UISupportedInterfaceOrientations_iPad = "UIInterfaceOrientationPortrait UIInterfaceOrientationPortraitUpsideDown UIInterfaceOrientationLandscapeLeft UIInterfaceOrientationLandscapeRight";
				INFOPLIST_KEY_UISupportedInterfaceOrientations_iPhone = "UIInterfaceOrientationPortrait UIInterfaceOrientationLandscapeLeft UIInterfaceOrientationLandscapeRight";
				LD_RUNPATH_SEARCH_PATHS = (
					"$(inherited)",
					"@executable_path/Frameworks",
				);
				MARKETING_VERSION = 1.0;
				PRODUCT_BUNDLE_IDENTIFIER = "com.hafizhmo.flash-card-ios";
				PRODUCT_NAME = "$(TARGET_NAME)";
				SWIFT_EMIT_LOC_STRINGS = YES;
				SWIFT_VERSION = 5.0;
				TARGETED_DEVICE_FAMILY = "1,2";
			};
			name = Debug;
		};
		FB05659B2C1848730026DF3A /* Release */ = {
			isa = XCBuildConfiguration;
			buildSettings = {
				ASSETCATALOG_COMPILER_APPICON_NAME = AppIcon;
				ASSETCATALOG_COMPILER_GLOBAL_ACCENT_COLOR_NAME = AccentColor;
				CODE_SIGN_STYLE = Automatic;
				CURRENT_PROJECT_VERSION = 1;
				DEVELOPMENT_ASSET_PATHS = "\"flash-card-ios/Resources/Preview Content\"";
				DEVELOPMENT_TEAM = Z824M97CF2;
				ENABLE_PREVIEWS = YES;
				GENERATE_INFOPLIST_FILE = YES;
				INFOPLIST_KEY_UIApplicationSceneManifest_Generation = YES;
				INFOPLIST_KEY_UIApplicationSupportsIndirectInputEvents = YES;
				INFOPLIST_KEY_UILaunchScreen_Generation = YES;
				INFOPLIST_KEY_UISupportedInterfaceOrientations_iPad = "UIInterfaceOrientationPortrait UIInterfaceOrientationPortraitUpsideDown UIInterfaceOrientationLandscapeLeft UIInterfaceOrientationLandscapeRight";
				INFOPLIST_KEY_UISupportedInterfaceOrientations_iPhone = "UIInterfaceOrientationPortrait UIInterfaceOrientationLandscapeLeft UIInterfaceOrientationLandscapeRight";
				LD_RUNPATH_SEARCH_PATHS = (
					"$(inherited)",
					"@executable_path/Frameworks",
				);
				MARKETING_VERSION = 1.0;
				PRODUCT_BUNDLE_IDENTIFIER = "com.hafizhmo.flash-card-ios";
				PRODUCT_NAME = "$(TARGET_NAME)";
				SWIFT_EMIT_LOC_STRINGS = YES;
				SWIFT_VERSION = 5.0;
				TARGETED_DEVICE_FAMILY = "1,2";
			};
			name = Release;
		};
/* End XCBuildConfiguration section */

/* Begin XCConfigurationList section */
		FB0565862C1848710026DF3A /* Build configuration list for PBXProject "flash-card-ios" */ = {
			isa = XCConfigurationList;
			buildConfigurations = (
				FB0565972C1848730026DF3A /* Debug */,
				FB0565982C1848730026DF3A /* Release */,
			);
			defaultConfigurationIsVisible = 0;
			defaultConfigurationName = Release;
		};
		FB0565992C1848730026DF3A /* Build configuration list for PBXNativeTarget "flash-card-ios" */ = {
			isa = XCConfigurationList;
			buildConfigurations = (
				FB05659A2C1848730026DF3A /* Debug */,
				FB05659B2C1848730026DF3A /* Release */,
			);
			defaultConfigurationIsVisible = 0;
			defaultConfigurationName = Release;
		};
/* End XCConfigurationList section */
	};
	rootObject = FB0565832C1848710026DF3A /* Project object */;
}
